
Microsoft Visual Studio Solution File, Format Version 12.00
# Visual Studio Version 17
VisualStudioVersion = 17.13.35806.99 d17.13
MinimumVisualStudioVersion = 10.0.40219.1
Project("{FAE04EC0-301F-11D3-BF4B-00C04F79EFBC}") = "HotelMangementSystem", "HotelMangementSystem.csproj", "{F3AE86CE-21AA-417A-88E5-54D871C86667}"
EndProject
Global
	GlobalSection(SolutionConfigurationPlatforms) = preSolution
		Debug|Any CPU = Debug|Any CPU
		Release|Any CPU = Release|Any CPU
	EndGlobalSection
	GlobalSection(ProjectConfigurationPlatforms) = postSolution
		{F3AE86CE-21AA-417A-88E5-54D871C86667}.Debug|Any CPU.ActiveCfg = Debug|Any CPU
		{F3AE86CE-21AA-417A-88E5-54D871C86667}.Debug|Any CPU.Build.0 = Debug|Any CPU
		{F3AE86CE-21AA-417A-88E5-54D871C86667}.Release|Any CPU.ActiveCfg = Release|Any CPU
		{F3AE86CE-21AA-417A-88E5-54D871C86667}.Release|Any CPU.Build.0 = Release|Any CPU
	EndGlobalSection
	GlobalSection(SolutionProperties) = preSolution
		HideSolutionNode = FALSE
	EndGlobalSection
	GlobalSection(ExtensibilityGlobals) = postSolution
		SolutionGuid = {2B23E09C-8749-4322-900E-B7A2ECCD8D17}
	EndGlobalSection
EndGlobal
